
Microsoft Visual Studio Solution File, Format Version 12.00
# Visual Studio Version 16
VisualStudioVersion = 16.0.29709.97
MinimumVisualStudioVersion = 10.0.40219.1
Project("{FAE04EC0-301F-11D3-BF4B-00C04F79EFBC}") = "RealtimeChartAPI", "RealtimeChartAPI\RealtimeChartAPI.csproj", "{E3DEBC03-BE4D-49D1-8EFF-B4813F1AA94E}"
EndProject
Global
	GlobalSection(SolutionConfigurationPlatforms) = preSolution
		Debug|Any CPU = Debug|Any CPU
		Release|Any CPU = Release|Any CPU
	EndGlobalSection
	GlobalSection(ProjectConfigurationPlatforms) = postSolution
		{E3DEBC03-BE4D-49D1-8EFF-B4813F1AA94E}.Debug|Any CPU.ActiveCfg = Debug|Any CPU
		{E3DEBC03-BE4D-49D1-8EFF-B4813F1AA94E}.Debug|Any CPU.Build.0 = Debug|Any CPU
		{E3DEBC03-BE4D-49D1-8EFF-B4813F1AA94E}.Release|Any CPU.ActiveCfg = Release|Any CPU
		{E3DEBC03-BE4D-49D1-8EFF-B4813F1AA94E}.Release|Any CPU.Build.0 = Release|Any CPU
	EndGlobalSection
	GlobalSection(SolutionProperties) = preSolution
		HideSolutionNode = FALSE
	EndGlobalSection
	GlobalSection(ExtensibilityGlobals) = postSolution
		SolutionGuid = {C9DC1E5E-1E22-4E7E-85AA-DD183AC54EF8}
	EndGlobalSection
EndGlobal
